// !$*UTF8*$!
{
	archiveVersion = 1;
	classes = {
	};
	objectVersion = 46;
	objects = {

/* Begin PBXBuildFile section */
		4416B4EA981D71545713DC4A /* libPods-CurrencyCourceApp.a in Frameworks */ = {isa = PBXBuildFile; fileRef = E232532631DA8A18B8FD2BCC /* libPods-CurrencyCourceApp.a */; };
		7E020E1B1E71AE5E00E96905 /* MyXmlParserDelegate.m in Sources */ = {isa = PBXBuildFile; fileRef = 7E020E1A1E71AE5E00E96905 /* MyXmlParserDelegate.m */; };
		7EE5D57C1E65FD88005B0AC4 /* main.m in Sources */ = {isa = PBXBuildFile; fileRef = 7EE5D57B1E65FD88005B0AC4 /* main.m */; };
		7EE5D57F1E65FD88005B0AC4 /* AppDelegate.m in Sources */ = {isa = PBXBuildFile; fileRef = 7EE5D57E1E65FD88005B0AC4 /* AppDelegate.m */; };
		7EE5D5821E65FD88005B0AC4 /* DateListController.m in Sources */ = {isa = PBXBuildFile; fileRef = 7EE5D5811E65FD88005B0AC4 /* DateListController.m */; };
		7EE5D5851E65FD88005B0AC4 /* Main.storyboard in Resources */ = {isa = PBXBuildFile; fileRef = 7EE5D5831E65FD88005B0AC4 /* Main.storyboard */; };
		7EE5D5871E65FD88005B0AC4 /* Assets.xcassets in Resources */ = {isa = PBXBuildFile; fileRef = 7EE5D5861E65FD88005B0AC4 /* Assets.xcassets */; };
		7EE5D58A1E65FD88005B0AC4 /* LaunchScreen.storyboard in Resources */ = {isa = PBXBuildFile; fileRef = 7EE5D5881E65FD88005B0AC4 /* LaunchScreen.storyboard */; };
		7EE5D5961E6603E7005B0AC4 /* CurrencyViewController.m in Sources */ = {isa = PBXBuildFile; fileRef = 7EE5D5951E6603E7005B0AC4 /* CurrencyViewController.m */; };
		7EE5D5A51E6F5F64005B0AC4 /* DateListCell.m in Sources */ = {isa = PBXBuildFile; fileRef = 7EE5D5A41E6F5F64005B0AC4 /* DateListCell.m */; };
/* End PBXBuildFile section */

/* Begin PBXFileReference section */
		6B6D3B3D734F400EE7632C6D /* Pods-CurrencyCourceApp.debug.xcconfig */ = {isa = PBXFileReference; includeInIndex = 1; lastKnownFileType = text.xcconfig; name = "Pods-CurrencyCourceApp.debug.xcconfig"; path = "Pods/Target Support Files/Pods-CurrencyCourceApp/Pods-CurrencyCourceApp.debug.xcconfig"; sourceTree = "<group>"; };
		7E020E191E71AE5E00E96905 /* MyXmlParserDelegate.h */ = {isa = PBXFileReference; fileEncoding = 4; lastKnownFileType = sourcecode.c.h; path = MyXmlParserDelegate.h; sourceTree = "<group>"; };
		7E020E1A1E71AE5E00E96905 /* MyXmlParserDelegate.m */ = {isa = PBXFileReference; fileEncoding = 4; lastKnownFileType = sourcecode.c.objc; path = MyXmlParserDelegate.m; sourceTree = "<group>"; };
		7EE5D5771E65FD88005B0AC4 /* CurrencyCourceApp.app */ = {isa = PBXFileReference; explicitFileType = wrapper.application; includeInIndex = 0; path = CurrencyCourceApp.app; sourceTree = BUILT_PRODUCTS_DIR; };
		7EE5D57B1E65FD88005B0AC4 /* main.m */ = {isa = PBXFileReference; lastKnownFileType = sourcecode.c.objc; path = main.m; sourceTree = "<group>"; };
		7EE5D57D1E65FD88005B0AC4 /* AppDelegate.h */ = {isa = PBXFileReference; lastKnownFileType = sourcecode.c.h; path = AppDelegate.h; sourceTree = "<group>"; };
		7EE5D57E1E65FD88005B0AC4 /* AppDelegate.m */ = {isa = PBXFileReference; lastKnownFileType = sourcecode.c.objc; path = AppDelegate.m; sourceTree = "<group>"; };
		7EE5D5801E65FD88005B0AC4 /* DateListController.h */ = {isa = PBXFileReference; lastKnownFileType = sourcecode.c.h; path = DateListController.h; sourceTree = "<group>"; };
		7EE5D5811E65FD88005B0AC4 /* DateListController.m */ = {isa = PBXFileReference; lastKnownFileType = sourcecode.c.objc; path = DateListController.m; sourceTree = "<group>"; };
		7EE5D5841E65FD88005B0AC4 /* Base */ = {isa = PBXFileReference; lastKnownFileType = file.storyboard; name = Base; path = Base.lproj/Main.storyboard; sourceTree = "<group>"; };
		7EE5D5861E65FD88005B0AC4 /* Assets.xcassets */ = {isa = PBXFileReference; lastKnownFileType = folder.assetcatalog; path = Assets.xcassets; sourceTree = "<group>"; };
		7EE5D5891E65FD88005B0AC4 /* Base */ = {isa = PBXFileReference; lastKnownFileType = file.storyboard; name = Base; path = Base.lproj/LaunchScreen.storyboard; sourceTree = "<group>"; };
		7EE5D58B1E65FD88005B0AC4 /* Info.plist */ = {isa = PBXFileReference; lastKnownFileType = text.plist.xml; path = Info.plist; sourceTree = "<group>"; };
		7EE5D5941E6603E7005B0AC4 /* CurrencyViewController.h */ = {isa = PBXFileReference; fileEncoding = 4; lastKnownFileType = sourcecode.c.h; path = CurrencyViewController.h; sourceTree = "<group>"; };
		7EE5D5951E6603E7005B0AC4 /* CurrencyViewController.m */ = {isa = PBXFileReference; fileEncoding = 4; lastKnownFileType = sourcecode.c.objc; path = CurrencyViewController.m; sourceTree = "<group>"; };
		7EE5D5A31E6F5F64005B0AC4 /* DateListCell.h */ = {isa = PBXFileReference; fileEncoding = 4; lastKnownFileType = sourcecode.c.h; path = DateListCell.h; sourceTree = "<group>"; };
		7EE5D5A41E6F5F64005B0AC4 /* DateListCell.m */ = {isa = PBXFileReference; fileEncoding = 4; lastKnownFileType = sourcecode.c.objc; path = DateListCell.m; sourceTree = "<group>"; };
		8D230CD78DCD637BB12A47BB /* Pods-CurrencyCourceApp.release.xcconfig */ = {isa = PBXFileReference; includeInIndex = 1; lastKnownFileType = text.xcconfig; name = "Pods-CurrencyCourceApp.release.xcconfig"; path = "Pods/Target Support Files/Pods-CurrencyCourceApp/Pods-CurrencyCourceApp.release.xcconfig"; sourceTree = "<group>"; };
		E232532631DA8A18B8FD2BCC /* libPods-CurrencyCourceApp.a */ = {isa = PBXFileReference; explicitFileType = archive.ar; includeInIndex = 0; path = "libPods-CurrencyCourceApp.a"; sourceTree = BUILT_PRODUCTS_DIR; };
/* End PBXFileReference section */

/* Begin PBXFrameworksBuildPhase section */
		7EE5D5741E65FD88005B0AC4 /* Frameworks */ = {
			isa = PBXFrameworksBuildPhase;
			buildActionMask = 2147483647;
			files = (
				4416B4EA981D71545713DC4A /* libPods-CurrencyCourceApp.a in Frameworks */,
			);
			runOnlyForDeploymentPostprocessing = 0;
		};
/* End PBXFrameworksBuildPhase section */

/* Begin PBXGroup section */
		3D83453A691F053020E6A5C9 /* Frameworks */ = {
			isa = PBXGroup;
			children = (
				E232532631DA8A18B8FD2BCC /* libPods-CurrencyCourceApp.a */,
			);
			name = Frameworks;
			sourceTree = "<group>";
		};
		7EE5D56E1E65FD88005B0AC4 = {
			isa = PBXGroup;
			children = (
				7EE5D5791E65FD88005B0AC4 /* CurrencyCourceApp */,
				7EE5D5781E65FD88005B0AC4 /* Products */,
				98E937E67B2F8F21CD2CB92D /* Pods */,
				3D83453A691F053020E6A5C9 /* Frameworks */,
			);
			sourceTree = "<group>";
		};
		7EE5D5781E65FD88005B0AC4 /* Products */ = {
			isa = PBXGroup;
			children = (
				7EE5D5771E65FD88005B0AC4 /* CurrencyCourceApp.app */,
			);
			name = Products;
			sourceTree = "<group>";
		};
		7EE5D5791E65FD88005B0AC4 /* CurrencyCourceApp */ = {
			isa = PBXGroup;
			children = (
				7E020E191E71AE5E00E96905 /* MyXmlParserDelegate.h */,
				7E020E1A1E71AE5E00E96905 /* MyXmlParserDelegate.m */,
				7EE5D5A31E6F5F64005B0AC4 /* DateListCell.h */,
				7EE5D5A41E6F5F64005B0AC4 /* DateListCell.m */,
				7EE5D5801E65FD88005B0AC4 /* DateListController.h */,
				7EE5D5811E65FD88005B0AC4 /* DateListController.m */,
				7EE5D5941E6603E7005B0AC4 /* CurrencyViewController.h */,
				7EE5D5951E6603E7005B0AC4 /* CurrencyViewController.m */,
				7EE5D57D1E65FD88005B0AC4 /* AppDelegate.h */,
				7EE5D57E1E65FD88005B0AC4 /* AppDelegate.m */,
				7EE5D5831E65FD88005B0AC4 /* Main.storyboard */,
				7EE5D5861E65FD88005B0AC4 /* Assets.xcassets */,
				7EE5D5881E65FD88005B0AC4 /* LaunchScreen.storyboard */,
				7EE5D58B1E65FD88005B0AC4 /* Info.plist */,
				7EE5D57A1E65FD88005B0AC4 /* Supporting Files */,
			);
			path = CurrencyCourceApp;
			sourceTree = "<group>";
		};
		7EE5D57A1E65FD88005B0AC4 /* Supporting Files */ = {
			isa = PBXGroup;
			children = (
				7EE5D57B1E65FD88005B0AC4 /* main.m */,
			);
			name = "Supporting Files";
			sourceTree = "<group>";
		};
		98E937E67B2F8F21CD2CB92D /* Pods */ = {
			isa = PBXGroup;
			children = (
				6B6D3B3D734F400EE7632C6D /* Pods-CurrencyCourceApp.debug.xcconfig */,
				8D230CD78DCD637BB12A47BB /* Pods-CurrencyCourceApp.release.xcconfig */,
			);
			name = Pods;
			sourceTree = "<group>";
		};
/* End PBXGroup section */

/* Begin PBXNativeTarget section */
		7EE5D5761E65FD88005B0AC4 /* CurrencyCourceApp */ = {
			isa = PBXNativeTarget;
			buildConfigurationList = 7EE5D58E1E65FD88005B0AC4 /* Build configuration list for PBXNativeTarget "CurrencyCourceApp" */;
			buildPhases = (
				344B78092064518A023326F1 /* [CP] Check Pods Manifest.lock */,
				7EE5D5731E65FD88005B0AC4 /* Sources */,
				7EE5D5741E65FD88005B0AC4 /* Frameworks */,
				7EE5D5751E65FD88005B0AC4 /* Resources */,
				77DE8B00C4D4CA05495C046F /* [CP] Embed Pods Frameworks */,
				E2050F5CE93FFE0957CA60D6 /* [CP] Copy Pods Resources */,
			);
			buildRules = (
			);
			dependencies = (
			);
			name = CurrencyCourceApp;
			productName = CurrencyCourceApp;
			productReference = 7EE5D5771E65FD88005B0AC4 /* CurrencyCourceApp.app */;
			productType = "com.apple.product-type.application";
		};
/* End PBXNativeTarget section */

/* Begin PBXProject section */
		7EE5D56F1E65FD88005B0AC4 /* Project object */ = {
			isa = PBXProject;
			attributes = {
				LastUpgradeCheck = 0810;
				ORGANIZATIONNAME = Elerman;
				TargetAttributes = {
					7EE5D5761E65FD88005B0AC4 = {
						CreatedOnToolsVersion = 8.1;
						DevelopmentTeam = 5SX4A73874;
						ProvisioningStyle = Automatic;
					};
				};
			};
			buildConfigurationList = 7EE5D5721E65FD88005B0AC4 /* Build configuration list for PBXProject "CurrencyCourceApp" */;
			compatibilityVersion = "Xcode 3.2";
			developmentRegion = English;
			hasScannedForEncodings = 0;
			knownRegions = (
				en,
				Base,
			);
			mainGroup = 7EE5D56E1E65FD88005B0AC4;
			productRefGroup = 7EE5D5781E65FD88005B0AC4 /* Products */;
			projectDirPath = "";
			projectRoot = "";
			targets = (
				7EE5D5761E65FD88005B0AC4 /* CurrencyCourceApp */,
			);
		};
/* End PBXProject section */

/* Begin PBXResourcesBuildPhase section */
		7EE5D5751E65FD88005B0AC4 /* Resources */ = {
			isa = PBXResourcesBuildPhase;
			buildActionMask = 2147483647;
			files = (
				7EE5D58A1E65FD88005B0AC4 /* LaunchScreen.storyboard in Resources */,
				7EE5D5871E65FD88005B0AC4 /* Assets.xcassets in Resources */,
				7EE5D5851E65FD88005B0AC4 /* Main.storyboard in Resources */,
			);
			runOnlyForDeploymentPostprocessing = 0;
		};
/* End PBXResourcesBuildPhase section */

/* Begin PBXShellScriptBuildPhase section */
		344B78092064518A023326F1 /* [CP] Check Pods Manifest.lock */ = {
			isa = PBXShellScriptBuildPhase;
			buildActionMask = 2147483647;
			files = (
			);
			inputPaths = (
			);
			name = "[CP] Check Pods Manifest.lock";
			outputPaths = (
			);
			runOnlyForDeploymentPostprocessing = 0;
			shellPath = /bin/sh;
			shellScript = "diff \"${PODS_ROOT}/../Podfile.lock\" \"${PODS_ROOT}/Manifest.lock\" > /dev/null\nif [ $? != 0 ] ; then\n    # print error to STDERR\n    echo \"error: The sandbox is not in sync with the Podfile.lock. Run 'pod install' or update your CocoaPods installation.\" >&2\n    exit 1\nfi\n";
			showEnvVarsInLog = 0;
		};
		77DE8B00C4D4CA05495C046F /* [CP] Embed Pods Frameworks */ = {
			isa = PBXShellScriptBuildPhase;
			buildActionMask = 2147483647;
			files = (
			);
			inputPaths = (
			);
			name = "[CP] Embed Pods Frameworks";
			outputPaths = (
			);
			runOnlyForDeploymentPostprocessing = 0;
			shellPath = /bin/sh;
			shellScript = "\"${SRCROOT}/Pods/Target Support Files/Pods-CurrencyCourceApp/Pods-CurrencyCourceApp-frameworks.sh\"\n";
			showEnvVarsInLog = 0;
		};
		E2050F5CE93FFE0957CA60D6 /* [CP] Copy Pods Resources */ = {
			isa = PBXShellScriptBuildPhase;
			buildActionMask = 2147483647;
			files = (
			);
			inputPaths = (
			);
			name = "[CP] Copy Pods Resources";
			outputPaths = (
			);
			runOnlyForDeploymentPostprocessing = 0;
			shellPath = /bin/sh;
			shellScript = "\"${SRCROOT}/Pods/Target Support Files/Pods-CurrencyCourceApp/Pods-CurrencyCourceApp-resources.sh\"\n";
			showEnvVarsInLog = 0;
		};
/* End PBXShellScriptBuildPhase section */

/* Begin PBXSourcesBuildPhase section */
		7EE5D5731E65FD88005B0AC4 /* Sources */ = {
			isa = PBXSourcesBuildPhase;
			buildActionMask = 2147483647;
			files = (
				7EE5D5821E65FD88005B0AC4 /* DateListController.m in Sources */,
				7E020E1B1E71AE5E00E96905 /* MyXmlParserDelegate.m in Sources */,
				7EE5D5961E6603E7005B0AC4 /* CurrencyViewController.m in Sources */,
				7EE5D57F1E65FD88005B0AC4 /* AppDelegate.m in Sources */,
				7EE5D57C1E65FD88005B0AC4 /* main.m in Sources */,
				7EE5D5A51E6F5F64005B0AC4 /* DateListCell.m in Sources */,
			);
			runOnlyForDeploymentPostprocessing = 0;
		};
/* End PBXSourcesBuildPhase section */

/* Begin PBXVariantGroup section */
		7EE5D5831E65FD88005B0AC4 /* Main.storyboard */ = {
			isa = PBXVariantGroup;
			children = (
				7EE5D5841E65FD88005B0AC4 /* Base */,
			);
			name = Main.storyboard;
			sourceTree = "<group>";
		};
		7EE5D5881E65FD88005B0AC4 /* LaunchScreen.storyboard */ = {
			isa = PBXVariantGroup;
			children = (
				7EE5D5891E65FD88005B0AC4 /* Base */,
			);
			name = LaunchScreen.storyboard;
			sourceTree = "<group>";
		};
/* End PBXVariantGroup section */

/* Begin XCBuildConfiguration section */
		7EE5D58C1E65FD88005B0AC4 /* Debug */ = {
			isa = XCBuildConfiguration;
			buildSettings = {
				ALWAYS_SEARCH_USER_PATHS = NO;
				CLANG_ANALYZER_NONNULL = YES;
				CLANG_CXX_LANGUAGE_STANDARD = "gnu++0x";
				CLANG_CXX_LIBRARY = "libc++";
				CLANG_ENABLE_MODULES = YES;
				CLANG_ENABLE_OBJC_ARC = YES;
				CLANG_WARN_BOOL_CONVERSION = YES;
				CLANG_WARN_CONSTANT_CONVERSION = YES;
				CLANG_WARN_DIRECT_OBJC_ISA_USAGE = YES_ERROR;
				CLANG_WARN_DOCUMENTATION_COMMENTS = YES;
				CLANG_WARN_EMPTY_BODY = YES;
				CLANG_WARN_ENUM_CONVERSION = YES;
				CLANG_WARN_INFINITE_RECURSION = YES;
				CLANG_WARN_INT_CONVERSION = YES;
				CLANG_WARN_OBJC_ROOT_CLASS = YES_ERROR;
				CLANG_WARN_SUSPICIOUS_MOVES = YES;
				CLANG_WARN_UNREACHABLE_CODE = YES;
				CLANG_WARN__DUPLICATE_METHOD_MATCH = YES;
				"CODE_SIGN_IDENTITY[sdk=iphoneos*]" = "iPhone Developer";
				COPY_PHASE_STRIP = NO;
				DEBUG_INFORMATION_FORMAT = dwarf;
				ENABLE_STRICT_OBJC_MSGSEND = YES;
				ENABLE_TESTABILITY = YES;
				GCC_C_LANGUAGE_STANDARD = gnu99;
				GCC_DYNAMIC_NO_PIC = NO;
				GCC_NO_COMMON_BLOCKS = YES;
				GCC_OPTIMIZATION_LEVEL = 0;
				GCC_PREPROCESSOR_DEFINITIONS = (
					"DEBUG=1",
					"$(inherited)",
				);
				GCC_WARN_64_TO_32_BIT_CONVERSION = YES;
				GCC_WARN_ABOUT_RETURN_TYPE = YES_ERROR;
				GCC_WARN_UNDECLARED_SELECTOR = YES;
				GCC_WARN_UNINITIALIZED_AUTOS = YES_AGGRESSIVE;
				GCC_WARN_UNUSED_FUNCTION = YES;
				GCC_WARN_UNUSED_VARIABLE = YES;
				IPHONEOS_DEPLOYMENT_TARGET = 10.1;
				MTL_ENABLE_DEBUG_INFO = YES;
				ONLY_ACTIVE_ARCH = YES;
				SDKROOT = iphoneos;
				TARGETED_DEVICE_FAMILY = "1,2";
			};
			name = Debug;
		};
		7EE5D58D1E65FD88005B0AC4 /* Release */ = {
			isa = XCBuildConfiguration;
			buildSettings = {
				ALWAYS_SEARCH_USER_PATHS = NO;
				CLANG_ANALYZER_NONNULL = YES;
				CLANG_CXX_LANGUAGE_STANDARD = "gnu++0x";
				CLANG_CXX_LIBRARY = "libc++";
				CLANG_ENABLE_MODULES = YES;
				CLANG_ENABLE_OBJC_ARC = YES;
				CLANG_WARN_BOOL_CONVERSION = YES;
				CLANG_WARN_CONSTANT_CONVERSION = YES;
				CLANG_WARN_DIRECT_OBJC_ISA_USAGE = YES_ERROR;
				CLANG_WARN_DOCUMENTATION_COMMENTS = YES;
				CLANG_WARN_EMPTY_BODY = YES;
				CLANG_WARN_ENUM_CONVERSION = YES;
				CLANG_WARN_INFINITE_RECURSION = YES;
				CLANG_WARN_INT_CONVERSION = YES;
				CLANG_WARN_OBJC_ROOT_CLASS = YES_ERROR;
				CLANG_WARN_SUSPICIOUS_MOVES = YES;
				CLANG_WARN_UNREACHABLE_CODE = YES;
				CLANG_WARN__DUPLICATE_METHOD_MATCH = YES;
				"CODE_SIGN_IDENTITY[sdk=iphoneos*]" = "iPhone Developer";
				COPY_PHASE_STRIP = NO;
				DEBUG_INFORMATION_FORMAT = "dwarf-with-dsym";
				ENABLE_NS_ASSERTIONS = NO;
				ENABLE_STRICT_OBJC_MSGSEND = YES;
				GCC_C_LANGUAGE_STANDARD = gnu99;
				GCC_NO_COMMON_BLOCKS = YES;
				GCC_WARN_64_TO_32_BIT_CONVERSION = YES;
				GCC_WARN_ABOUT_RETURN_TYPE = YES_ERROR;
				GCC_WARN_UNDECLARED_SELECTOR = YES;
				GCC_WARN_UNINITIALIZED_AUTOS = YES_AGGRESSIVE;
				GCC_WARN_UNUSED_FUNCTION = YES;
				GCC_WARN_UNUSED_VARIABLE = YES;
				IPHONEOS_DEPLOYMENT_TARGET = 10.1;
				MTL_ENABLE_DEBUG_INFO = NO;
				SDKROOT = iphoneos;
				TARGETED_DEVICE_FAMILY = "1,2";
				VALIDATE_PRODUCT = YES;
			};
			name = Release;
		};
		7EE5D58F1E65FD88005B0AC4 /* Debug */ = {
			isa = XCBuildConfiguration;
			baseConfigurationReference = 6B6D3B3D734F400EE7632C6D /* Pods-CurrencyCourceApp.debug.xcconfig */;
			buildSettings = {
				ASSETCATALOG_COMPILER_APPICON_NAME = AppIcon;
				DEVELOPMENT_TEAM = 5SX4A73874;
				INFOPLIST_FILE = CurrencyCourceApp/Info.plist;
				LD_RUNPATH_SEARCH_PATHS = "$(inherited) @executable_path/Frameworks";
				PRODUCT_BUNDLE_IDENTIFIER = com.elerman.CurrencyCourceApp;
				PRODUCT_NAME = "$(TARGET_NAME)";
			};
			name = Debug;
		};
		7EE5D5901E65FD88005B0AC4 /* Release */ = {
			isa = XCBuildConfiguration;
			baseConfigurationReference = 8D230CD78DCD637BB12A47BB /* Pods-CurrencyCourceApp.release.xcconfig */;
			buildSettings = {
				ASSETCATALOG_COMPILER_APPICON_NAME = AppIcon;
				DEVELOPMENT_TEAM = 5SX4A73874;
				INFOPLIST_FILE = CurrencyCourceApp/Info.plist;
				LD_RUNPATH_SEARCH_PATHS = "$(inherited) @executable_path/Frameworks";
				PRODUCT_BUNDLE_IDENTIFIER = com.elerman.CurrencyCourceApp;
				PRODUCT_NAME = "$(TARGET_NAME)";
			};
			name = Release;
		};
/* End XCBuildConfiguration section */

/* Begin XCConfigurationList section */
		7EE5D5721E65FD88005B0AC4 /* Build configuration list for PBXProject "CurrencyCourceApp" */ = {
			isa = XCConfigurationList;
			buildConfigurations = (
				7EE5D58C1E65FD88005B0AC4 /* Debug */,
				7EE5D58D1E65FD88005B0AC4 /* Release */,
			);
			defaultConfigurationIsVisible = 0;
			defaultConfigurationName = Release;
		};
		7EE5D58E1E65FD88005B0AC4 /* Build configuration list for PBXNativeTarget "CurrencyCourceApp" */ = {
			isa = XCConfigurationList;
			buildConfigurations = (
				7EE5D58F1E65FD88005B0AC4 /* Debug */,
				7EE5D5901E65FD88005B0AC4 /* Release */,
			);
			defaultConfigurationIsVisible = 0;
			defaultConfigurationName = Release;
		};
/* End XCConfigurationList section */
	};
	rootObject = 7EE5D56F1E65FD88005B0AC4 /* Project object */;
}
